PODS:
  - Mapbox-iOS-SDK (4.9.0)

DEPENDENCIES:
  - Mapbox-iOS-SDK (~> 4.9)

SPEC REPOS:
  https://github.com/cocoapods/specs.git:
    - Mapbox-iOS-SDK

SPEC CHECKSUMS:
  Mapbox-iOS-SDK: 225036950837cbe408e6b333e51cd6001c122499

PODFILE CHECKSUM: 33eb936187e3ed7e1370f682d45a0b6cdaa27e81

COCOAPODS: 1.6.1
